// !$*UTF8*$!
{
	archiveVersion = 1;
	classes = {
	};
	objectVersion = 56;
	objects = {

/* Begin PBXBuildFile section */
		833EBBDE2BEFAA2500F0011A /* ContactViewController.swift in Sources */ = {isa = PBXBuildFile; fileRef = 833EBBDD2BEFAA2500F0011A /* ContactViewController.swift */; };
		83483B022BEEAC75009CF3AD /* AppDelegate.swift in Sources */ = {isa = PBXBuildFile; fileRef = 83483B012BEEAC75009CF3AD /* AppDelegate.swift */; };
		83483B042BEEAC75009CF3AD /* SceneDelegate.swift in Sources */ = {isa = PBXBuildFile; fileRef = 83483B032BEEAC75009CF3AD /* SceneDelegate.swift */; };
		83483B062BEEAC75009CF3AD /* AboutCompanyViewController.swift in Sources */ = {isa = PBXBuildFile; fileRef = 83483B052BEEAC75009CF3AD /* AboutCompanyViewController.swift */; };
		83483B092BEEAC75009CF3AD /* Main.storyboard in Resources */ = {isa = PBXBuildFile; fileRef = 83483B072BEEAC75009CF3AD /* Main.storyboard */; };
		83483B0B2BEEAC75009CF3AD /* Assets.xcassets in Resources */ = {isa = PBXBuildFile; fileRef = 83483B0A2BEEAC75009CF3AD /* Assets.xcassets */; };
		83483B0E2BEEAC75009CF3AD /* LaunchScreen.storyboard in Resources */ = {isa = PBXBuildFile; fileRef = 83483B0C2BEEAC75009CF3AD /* LaunchScreen.storyboard */; };
		83483B192BEEC390009CF3AD /* SeriesTableViewController.swift in Sources */ = {isa = PBXBuildFile; fileRef = 83483B182BEEC390009CF3AD /* SeriesTableViewController.swift */; };
		8360A8642BF2951D0002077B /* SeriesDetailsViewController.swift in Sources */ = {isa = PBXBuildFile; fileRef = 8360A8632BF2951D0002077B /* SeriesDetailsViewController.swift */; };
		8360A8662BF295B80002077B /* ProjectsTableViewController.swift in Sources */ = {isa = PBXBuildFile; fileRef = 8360A8652BF295B80002077B /* ProjectsTableViewController.swift */; };
		8360A8682BF295FE0002077B /* ProjectDetailsViewController.swift in Sources */ = {isa = PBXBuildFile; fileRef = 8360A8672BF295FE0002077B /* ProjectDetailsViewController.swift */; };
		8360A86B2BF2A7D10002077B /* House.swift in Sources */ = {isa = PBXBuildFile; fileRef = 8360A86A2BF2A7D10002077B /* House.swift */; };
/* End PBXBuildFile section */

/* Begin PBXFileReference section */
		833EBBDD2BEFAA2500F0011A /* ContactViewController.swift */ = {isa = PBXFileReference; lastKnownFileType = sourcecode.swift; path = ContactViewController.swift; sourceTree = "<group>"; };
		83483AFE2BEEAC75009CF3AD /* ModularHousesApp.app */ = {isa = PBXFileReference; explicitFileType = wrapper.application; includeInIndex = 0; path = ModularHousesApp.app; sourceTree = BUILT_PRODUCTS_DIR; };
		83483B012BEEAC75009CF3AD /* AppDelegate.swift */ = {isa = PBXFileReference; lastKnownFileType = sourcecode.swift; path = AppDelegate.swift; sourceTree = "<group>"; };
		83483B032BEEAC75009CF3AD /* SceneDelegate.swift */ = {isa = PBXFileReference; lastKnownFileType = sourcecode.swift; path = SceneDelegate.swift; sourceTree = "<group>"; };
		83483B052BEEAC75009CF3AD /* AboutCompanyViewController.swift */ = {isa = PBXFileReference; indentWidth = 4; lastKnownFileType = sourcecode.swift; path = AboutCompanyViewController.swift; sourceTree = "<group>"; tabWidth = 4; usesTabs = 0; wrapsLines = 1; };
		83483B082BEEAC75009CF3AD /* Base */ = {isa = PBXFileReference; lastKnownFileType = file.storyboard; name = Base; path = Base.lproj/Main.storyboard; sourceTree = "<group>"; };
		83483B0A2BEEAC75009CF3AD /* Assets.xcassets */ = {isa = PBXFileReference; lastKnownFileType = folder.assetcatalog; path = Assets.xcassets; sourceTree = "<group>"; };
		83483B0D2BEEAC75009CF3AD /* Base */ = {isa = PBXFileReference; lastKnownFileType = file.storyboard; name = Base; path = Base.lproj/LaunchScreen.storyboard; sourceTree = "<group>"; };
		83483B0F2BEEAC75009CF3AD /* Info.plist */ = {isa = PBXFileReference; lastKnownFileType = text.plist.xml; path = Info.plist; sourceTree = "<group>"; };
		83483B182BEEC390009CF3AD /* SeriesTableViewController.swift */ = {isa = PBXFileReference; lastKnownFileType = sourcecode.swift; path = SeriesTableViewController.swift; sourceTree = "<group>"; };
		8360A8632BF2951D0002077B /* SeriesDetailsViewController.swift */ = {isa = PBXFileReference; lastKnownFileType = sourcecode.swift; path = SeriesDetailsViewController.swift; sourceTree = "<group>"; };
		8360A8652BF295B80002077B /* ProjectsTableViewController.swift */ = {isa = PBXFileReference; lastKnownFileType = sourcecode.swift; path = ProjectsTableViewController.swift; sourceTree = "<group>"; };
		8360A8672BF295FE0002077B /* ProjectDetailsViewController.swift */ = {isa = PBXFileReference; lastKnownFileType = sourcecode.swift; path = ProjectDetailsViewController.swift; sourceTree = "<group>"; };
		8360A86A2BF2A7D10002077B /* House.swift */ = {isa = PBXFileReference; lastKnownFileType = sourcecode.swift; path = House.swift; sourceTree = "<group>"; };
/* End PBXFileReference section */

/* Begin PBXFrameworksBuildPhase section */
		83483AFB2BEEAC75009CF3AD /* Frameworks */ = {
			isa = PBXFrameworksBuildPhase;
			buildActionMask = 2147483647;
			files = (
			);
			runOnlyForDeploymentPostprocessing = 0;
		};
/* End PBXFrameworksBuildPhase section */

/* Begin PBXGroup section */
		83483AF52BEEAC75009CF3AD = {
			isa = PBXGroup;
			children = (
				83483B002BEEAC75009CF3AD /* ModularHousesApp */,
				83483AFF2BEEAC75009CF3AD /* Products */,
			);
			sourceTree = "<group>";
		};
		83483AFF2BEEAC75009CF3AD /* Products */ = {
			isa = PBXGroup;
			children = (
				83483AFE2BEEAC75009CF3AD /* ModularHousesApp.app */,
			);
			name = Products;
			sourceTree = "<group>";
		};
		83483B002BEEAC75009CF3AD /* ModularHousesApp */ = {
			isa = PBXGroup;
			children = (
				8360A8692BF2A52C0002077B /* Models */,
				83483B172BEEAD04009CF3AD /* ViewControllers */,
				83483B162BEEACCB009CF3AD /* Storyboards */,
				83483B0A2BEEAC75009CF3AD /* Assets.xcassets */,
				83483B152BEEAC98009CF3AD /* App */,
			);
			path = ModularHousesApp;
			sourceTree = "<group>";
		};
		83483B152BEEAC98009CF3AD /* App */ = {
			isa = PBXGroup;
			children = (
				83483B012BEEAC75009CF3AD /* AppDelegate.swift */,
				83483B032BEEAC75009CF3AD /* SceneDelegate.swift */,
				83483B0F2BEEAC75009CF3AD /* Info.plist */,
			);
			path = App;
			sourceTree = "<group>";
		};
		83483B162BEEACCB009CF3AD /* Storyboards */ = {
			isa = PBXGroup;
			children = (
				83483B072BEEAC75009CF3AD /* Main.storyboard */,
				83483B0C2BEEAC75009CF3AD /* LaunchScreen.storyboard */,
			);
			path = Storyboards;
			sourceTree = "<group>";
		};
		83483B172BEEAD04009CF3AD /* ViewControllers */ = {
			isa = PBXGroup;
			children = (
				83483B052BEEAC75009CF3AD /* AboutCompanyViewController.swift */,
				83483B182BEEC390009CF3AD /* SeriesTableViewController.swift */,
				8360A8632BF2951D0002077B /* SeriesDetailsViewController.swift */,
				8360A8652BF295B80002077B /* ProjectsTableViewController.swift */,
				8360A8672BF295FE0002077B /* ProjectDetailsViewController.swift */,
				833EBBDD2BEFAA2500F0011A /* ContactViewController.swift */,
			);
			path = ViewControllers;
			sourceTree = "<group>";
		};
		8360A8692BF2A52C0002077B /* Models */ = {
			isa = PBXGroup;
			children = (
				8360A86A2BF2A7D10002077B /* House.swift */,
			);
			path = Models;
			sourceTree = "<group>";
		};
/* End PBXGroup section */

/* Begin PBXNativeTarget section */
		83483AFD2BEEAC75009CF3AD /* ModularHousesApp */ = {
			isa = PBXNativeTarget;
			buildConfigurationList = 83483B122BEEAC75009CF3AD /* Build configuration list for PBXNativeTarget "ModularHousesApp" */;
			buildPhases = (
				83483AFA2BEEAC75009CF3AD /* Sources */,
				83483AFB2BEEAC75009CF3AD /* Frameworks */,
				83483AFC2BEEAC75009CF3AD /* Resources */,
			);
			buildRules = (
			);
			dependencies = (
			);
			name = ModularHousesApp;
			productName = ModularHousesApp;
			productReference = 83483AFE2BEEAC75009CF3AD /* ModularHousesApp.app */;
			productType = "com.apple.product-type.application";
		};
/* End PBXNativeTarget section */

/* Begin PBXProject section */
		83483AF62BEEAC75009CF3AD /* Project object */ = {
			isa = PBXProject;
			attributes = {
				BuildIndependentTargetsInParallel = 1;
				LastSwiftUpdateCheck = 1510;
				LastUpgradeCheck = 1510;
				TargetAttributes = {
					83483AFD2BEEAC75009CF3AD = {
						CreatedOnToolsVersion = 15.1;
					};
				};
			};
			buildConfigurationList = 83483AF92BEEAC75009CF3AD /* Build configuration list for PBXProject "ModularHousesApp" */;
			compatibilityVersion = "Xcode 14.0";
			developmentRegion = en;
			hasScannedForEncodings = 0;
			knownRegions = (
				en,
				Base,
			);
			mainGroup = 83483AF52BEEAC75009CF3AD;
			productRefGroup = 83483AFF2BEEAC75009CF3AD /* Products */;
			projectDirPath = "";
			projectRoot = "";
			targets = (
				83483AFD2BEEAC75009CF3AD /* ModularHousesApp */,
			);
		};
/* End PBXProject section */

/* Begin PBXResourcesBuildPhase section */
		83483AFC2BEEAC75009CF3AD /* Resources */ = {
			isa = PBXResourcesBuildPhase;
			buildActionMask = 2147483647;
			files = (
				83483B0E2BEEAC75009CF3AD /* LaunchScreen.storyboard in Resources */,
				83483B0B2BEEAC75009CF3AD /* Assets.xcassets in Resources */,
				83483B092BEEAC75009CF3AD /* Main.storyboard in Resources */,
			);
			runOnlyForDeploymentPostprocessing = 0;
		};
/* End PBXResourcesBuildPhase section */

/* Begin PBXSourcesBuildPhase section */
		83483AFA2BEEAC75009CF3AD /* Sources */ = {
			isa = PBXSourcesBuildPhase;
			buildActionMask = 2147483647;
			files = (
				8360A8642BF2951D0002077B /* SeriesDetailsViewController.swift in Sources */,
				83483B192BEEC390009CF3AD /* SeriesTableViewController.swift in Sources */,
				83483B062BEEAC75009CF3AD /* AboutCompanyViewController.swift in Sources */,
				83483B022BEEAC75009CF3AD /* AppDelegate.swift in Sources */,
				8360A86B2BF2A7D10002077B /* House.swift in Sources */,
				83483B042BEEAC75009CF3AD /* SceneDelegate.swift in Sources */,
				8360A8682BF295FE0002077B /* ProjectDetailsViewController.swift in Sources */,
				833EBBDE2BEFAA2500F0011A /* ContactViewController.swift in Sources */,
				8360A8662BF295B80002077B /* ProjectsTableViewController.swift in Sources */,
			);
			runOnlyForDeploymentPostprocessing = 0;
		};
/* End PBXSourcesBuildPhase section */

/* Begin PBXVariantGroup section */
		83483B072BEEAC75009CF3AD /* Main.storyboard */ = {
			isa = PBXVariantGroup;
			children = (
				83483B082BEEAC75009CF3AD /* Base */,
			);
			name = Main.storyboard;
			sourceTree = "<group>";
		};
		83483B0C2BEEAC75009CF3AD /* LaunchScreen.storyboard */ = {
			isa = PBXVariantGroup;
			children = (
				83483B0D2BEEAC75009CF3AD /* Base */,
			);
			name = LaunchScreen.storyboard;
			sourceTree = "<group>";
		};
/* End PBXVariantGroup section */

/* Begin XCBuildConfiguration section */
		83483B102BEEAC75009CF3AD /* Debug */ = {
			isa = XCBuildConfiguration;
			buildSettings = {
				ALWAYS_SEARCH_USER_PATHS = NO;
				ASSETCATALOG_COMPILER_GENERATE_SWIFT_ASSET_SYMBOL_EXTENSIONS = YES;
				CLANG_ANALYZER_NONNULL = YES;
				CLANG_ANALYZER_NUMBER_OBJECT_CONVERSION = YES_AGGRESSIVE;
				CLANG_CXX_LANGUAGE_STANDARD = "gnu++20";
				CLANG_ENABLE_MODULES = YES;
				CLANG_ENABLE_OBJC_ARC = YES;
				CLANG_ENABLE_OBJC_WEAK = YES;
				CLANG_WARN_BLOCK_CAPTURE_AUTORELEASING = YES;
				CLANG_WARN_BOOL_CONVERSION = YES;
				CLANG_WARN_COMMA = YES;
				CLANG_WARN_CONSTANT_CONVERSION = YES;
				CLANG_WARN_DEPRECATED_OBJC_IMPLEMENTATIONS = YES;
				CLANG_WARN_DIRECT_OBJC_ISA_USAGE = YES_ERROR;
				CLANG_WARN_DOCUMENTATION_COMMENTS = YES;
				CLANG_WARN_EMPTY_BODY = YES;
				CLANG_WARN_ENUM_CONVERSION = YES;
				CLANG_WARN_INFINITE_RECURSION = YES;
				CLANG_WARN_INT_CONVERSION = YES;
				CLANG_WARN_NON_LITERAL_NULL_CONVERSION = YES;
				CLANG_WARN_OBJC_IMPLICIT_RETAIN_SELF = YES;
				CLANG_WARN_OBJC_LITERAL_CONVERSION = YES;
				CLANG_WARN_OBJC_ROOT_CLASS = YES_ERROR;
				CLANG_WARN_QUOTED_INCLUDE_IN_FRAMEWORK_HEADER = YES;
				CLANG_WARN_RANGE_LOOP_ANALYSIS = YES;
				CLANG_WARN_STRICT_PROTOTYPES = YES;
				CLANG_WARN_SUSPICIOUS_MOVE = YES;
				CLANG_WARN_UNGUARDED_AVAILABILITY = YES_AGGRESSIVE;
				CLANG_WARN_UNREACHABLE_CODE = YES;
				CLANG_WARN__DUPLICATE_METHOD_MATCH = YES;
				COPY_PHASE_STRIP = NO;
				DEBUG_INFORMATION_FORMAT = dwarf;
				ENABLE_STRICT_OBJC_MSGSEND = YES;
				ENABLE_TESTABILITY = YES;
				ENABLE_USER_SCRIPT_SANDBOXING = YES;
				GCC_C_LANGUAGE_STANDARD = gnu17;
				GCC_DYNAMIC_NO_PIC = NO;
				GCC_NO_COMMON_BLOCKS = YES;
				GCC_OPTIMIZATION_LEVEL = 0;
				GCC_PREPROCESSOR_DEFINITIONS = (
					"DEBUG=1",
					"$(inherited)",
				);
				GCC_WARN_64_TO_32_BIT_CONVERSION = YES;
				GCC_WARN_ABOUT_RETURN_TYPE = YES_ERROR;
				GCC_WARN_UNDECLARED_SELECTOR = YES;
				GCC_WARN_UNINITIALIZED_AUTOS = YES_AGGRESSIVE;
				GCC_WARN_UNUSED_FUNCTION = YES;
				GCC_WARN_UNUSED_VARIABLE = YES;
				IPHONEOS_DEPLOYMENT_TARGET = 17.2;
				LOCALIZATION_PREFERS_STRING_CATALOGS = YES;
				MTL_ENABLE_DEBUG_INFO = INCLUDE_SOURCE;
				MTL_FAST_MATH = YES;
				ONLY_ACTIVE_ARCH = YES;
				SDKROOT = iphoneos;
				SWIFT_ACTIVE_COMPILATION_CONDITIONS = "DEBUG $(inherited)";
				SWIFT_OPTIMIZATION_LEVEL = "-Onone";
			};
			name = Debug;
		};
		83483B112BEEAC75009CF3AD /* Release */ = {
			isa = XCBuildConfiguration;
			buildSettings = {
				ALWAYS_SEARCH_USER_PATHS = NO;
				ASSETCATALOG_COMPILER_GENERATE_SWIFT_ASSET_SYMBOL_EXTENSIONS = YES;
				CLANG_ANALYZER_NONNULL = YES;
				CLANG_ANALYZER_NUMBER_OBJECT_CONVERSION = YES_AGGRESSIVE;
				CLANG_CXX_LANGUAGE_STANDARD = "gnu++20";
				CLANG_ENABLE_MODULES = YES;
				CLANG_ENABLE_OBJC_ARC = YES;
				CLANG_ENABLE_OBJC_WEAK = YES;
				CLANG_WARN_BLOCK_CAPTURE_AUTORELEASING = YES;
				CLANG_WARN_BOOL_CONVERSION = YES;
				CLANG_WARN_COMMA = YES;
				CLANG_WARN_CONSTANT_CONVERSION = YES;
				CLANG_WARN_DEPRECATED_OBJC_IMPLEMENTATIONS = YES;
				CLANG_WARN_DIRECT_OBJC_ISA_USAGE = YES_ERROR;
				CLANG_WARN_DOCUMENTATION_COMMENTS = YES;
				CLANG_WARN_EMPTY_BODY = YES;
				CLANG_WARN_ENUM_CONVERSION = YES;
				CLANG_WARN_INFINITE_RECURSION = YES;
				CLANG_WARN_INT_CONVERSION = YES;
				CLANG_WARN_NON_LITERAL_NULL_CONVERSION = YES;
				CLANG_WARN_OBJC_IMPLICIT_RETAIN_SELF = YES;
				CLANG_WARN_OBJC_LITERAL_CONVERSION = YES;
				CLANG_WARN_OBJC_ROOT_CLASS = YES_ERROR;
				CLANG_WARN_QUOTED_INCLUDE_IN_FRAMEWORK_HEADER = YES;
				CLANG_WARN_RANGE_LOOP_ANALYSIS = YES;
				CLANG_WARN_STRICT_PROTOTYPES = YES;
				CLANG_WARN_SUSPICIOUS_MOVE = YES;
				CLANG_WARN_UNGUARDED_AVAILABILITY = YES_AGGRESSIVE;
				CLANG_WARN_UNREACHABLE_CODE = YES;
				CLANG_WARN__DUPLICATE_METHOD_MATCH = YES;
				COPY_PHASE_STRIP = NO;
				DEBUG_INFORMATION_FORMAT = "dwarf-with-dsym";
				ENABLE_NS_ASSERTIONS = NO;
				ENABLE_STRICT_OBJC_MSGSEND = YES;
				ENABLE_USER_SCRIPT_SANDBOXING = YES;
				GCC_C_LANGUAGE_STANDARD = gnu17;
				GCC_NO_COMMON_BLOCKS = YES;
				GCC_WARN_64_TO_32_BIT_CONVERSION = YES;
				GCC_WARN_ABOUT_RETURN_TYPE = YES_ERROR;
				GCC_WARN_UNDECLARED_SELECTOR = YES;
				GCC_WARN_UNINITIALIZED_AUTOS = YES_AGGRESSIVE;
				GCC_WARN_UNUSED_FUNCTION = YES;
				GCC_WARN_UNUSED_VARIABLE = YES;
				IPHONEOS_DEPLOYMENT_TARGET = 17.2;
				LOCALIZATION_PREFERS_STRING_CATALOGS = YES;
				MTL_ENABLE_DEBUG_INFO = NO;
				MTL_FAST_MATH = YES;
				SDKROOT = iphoneos;
				SWIFT_COMPILATION_MODE = wholemodule;
				VALIDATE_PRODUCT = YES;
			};
			name = Release;
		};
		83483B132BEEAC75009CF3AD /* Debug */ = {
			isa = XCBuildConfiguration;
			buildSettings = {
				ASSETCATALOG_COMPILER_APPICON_NAME = AppIcon;
				ASSETCATALOG_COMPILER_GLOBAL_ACCENT_COLOR_NAME = AccentColor;
				CODE_SIGN_IDENTITY = "Apple Development";
				CODE_SIGN_STYLE = Automatic;
				CURRENT_PROJECT_VERSION = 1;
				DEVELOPMENT_TEAM = BYMQ8X4XQ4;
				GENERATE_INFOPLIST_FILE = YES;
				INFOPLIST_FILE = ModularHousesApp/App/Info.plist;
				INFOPLIST_KEY_UIApplicationSupportsIndirectInputEvents = YES;
				INFOPLIST_KEY_UILaunchStoryboardName = LaunchScreen;
				INFOPLIST_KEY_UIMainStoryboardFile = Main;
				INFOPLIST_KEY_UISupportedInterfaceOrientations_iPad = "UIInterfaceOrientationPortrait UIInterfaceOrientationPortraitUpsideDown UIInterfaceOrientationLandscapeLeft UIInterfaceOrientationLandscapeRight";
				INFOPLIST_KEY_UISupportedInterfaceOrientations_iPhone = "UIInterfaceOrientationPortrait UIInterfaceOrientationLandscapeLeft UIInterfaceOrientationLandscapeRight";
				IPHONEOS_DEPLOYMENT_TARGET = 16.2;
				LD_RUNPATH_SEARCH_PATHS = (
					"$(inherited)",
					"@executable_path/Frameworks",
				);
				MARKETING_VERSION = 1.0;
				PRODUCT_BUNDLE_IDENTIFIER = abdulKarim.ModularHousesApp;
				PRODUCT_NAME = "$(TARGET_NAME)";
				PROVISIONING_PROFILE_SPECIFIER = "";
				SUPPORTED_PLATFORMS = "iphoneos iphonesimulator";
				SUPPORTS_MACCATALYST = NO;
				SUPPORTS_MAC_DESIGNED_FOR_IPHONE_IPAD = NO;
				SWIFT_EMIT_LOC_STRINGS = YES;
				SWIFT_VERSION = 5.0;
				TARGETED_DEVICE_FAMILY = 1;
			};
			name = Debug;
		};
		83483B142BEEAC75009CF3AD /* Release */ = {
			isa = XCBuildConfiguration;
			buildSettings = {
				ASSETCATALOG_COMPILER_APPICON_NAME = AppIcon;
				ASSETCATALOG_COMPILER_GLOBAL_ACCENT_COLOR_NAME = AccentColor;
				CODE_SIGN_IDENTITY = "Apple Development";
				CODE_SIGN_STYLE = Automatic;
				CURRENT_PROJECT_VERSION = 1;
				DEVELOPMENT_TEAM = BYMQ8X4XQ4;
				GENERATE_INFOPLIST_FILE = YES;
				INFOPLIST_FILE = ModularHousesApp/App/Info.plist;
				INFOPLIST_KEY_UIApplicationSupportsIndirectInputEvents = YES;
				INFOPLIST_KEY_UILaunchStoryboardName = LaunchScreen;
				INFOPLIST_KEY_UIMainStoryboardFile = Main;
				INFOPLIST_KEY_UISupportedInterfaceOrientations_iPad = "UIInterfaceOrientationPortrait UIInterfaceOrientationPortraitUpsideDown UIInterfaceOrientationLandscapeLeft UIInterfaceOrientationLandscapeRight";
				INFOPLIST_KEY_UISupportedInterfaceOrientations_iPhone = "UIInterfaceOrientationPortrait UIInterfaceOrientationLandscapeLeft UIInterfaceOrientationLandscapeRight";
				IPHONEOS_DEPLOYMENT_TARGET = 16.2;
				LD_RUNPATH_SEARCH_PATHS = (
					"$(inherited)",
					"@executable_path/Frameworks",
				);
				MARKETING_VERSION = 1.0;
				PRODUCT_BUNDLE_IDENTIFIER = abdulKarim.ModularHousesApp;
				PRODUCT_NAME = "$(TARGET_NAME)";
				PROVISIONING_PROFILE_SPECIFIER = "";
				SUPPORTED_PLATFORMS = "iphoneos iphonesimulator";
				SUPPORTS_MACCATALYST = NO;
				SUPPORTS_MAC_DESIGNED_FOR_IPHONE_IPAD = NO;
				SWIFT_EMIT_LOC_STRINGS = YES;
				SWIFT_VERSION = 5.0;
				TARGETED_DEVICE_FAMILY = 1;
			};
			name = Release;
		};
/* End XCBuildConfiguration section */

/* Begin XCConfigurationList section */
		83483AF92BEEAC75009CF3AD /* Build configuration list for PBXProject "ModularHousesApp" */ = {
			isa = XCConfigurationList;
			buildConfigurations = (
				83483B102BEEAC75009CF3AD /* Debug */,
				83483B112BEEAC75009CF3AD /* Release */,
			);
			defaultConfigurationIsVisible = 0;
			defaultConfigurationName = Release;
		};
		83483B122BEEAC75009CF3AD /* Build configuration list for PBXNativeTarget "ModularHousesApp" */ = {
			isa = XCConfigurationList;
			buildConfigurations = (
				83483B132BEEAC75009CF3AD /* Debug */,
				83483B142BEEAC75009CF3AD /* Release */,
			);
			defaultConfigurationIsVisible = 0;
			defaultConfigurationName = Release;
		};
/* End XCConfigurationList section */
	};
	rootObject = 83483AF62BEEAC75009CF3AD /* Project object */;
}
